
Microsoft Visual Studio Solution File, Format Version 12.00
# Visual Studio Version 16
VisualStudioVersion = 16.0.28803.202
MinimumVisualStudioVersion = 10.0.40219.1
Project("{9A19103F-16F7-4668-BE54-9A1E7A4F7556}") = "NoSharedState", "NoSharedState.csproj", "{3590FBA6-0A8E-4A9B-83A0-0EC832414757}"
EndProject
Global
	GlobalSection(SolutionConfigurationPlatforms) = preSolution
		Debug|Any CPU = Debug|Any CPU
		Release|Any CPU = Release|Any CPU
	EndGlobalSection
	GlobalSection(ProjectConfigurationPlatforms) = postSolution
		{3590FBA6-0A8E-4A9B-83A0-0EC832414757}.Debug|Any CPU.ActiveCfg = Debug|Any CPU
		{3590FBA6-0A8E-4A9B-83A0-0EC832414757}.Debug|Any CPU.Build.0 = Debug|Any CPU
		{3590FBA6-0A8E-4A9B-83A0-0EC832414757}.Release|Any CPU.ActiveCfg = Release|Any CPU
		{3590FBA6-0A8E-4A9B-83A0-0EC832414757}.Release|Any CPU.Build.0 = Release|Any CPU
	EndGlobalSection
	GlobalSection(SolutionProperties) = preSolution
		HideSolutionNode = FALSE
	EndGlobalSection
	GlobalSection(ExtensibilityGlobals) = postSolution
		SolutionGuid = {D09E870F-F804-4796-B351-547A61EB2ABF}
	EndGlobalSection
EndGlobal
