
Microsoft Visual Studio Solution File, Format Version 12.00
# Visual Studio Version 16
VisualStudioVersion = 16.0.28803.202
MinimumVisualStudioVersion = 10.0.40219.1
Project("{9A19103F-16F7-4668-BE54-9A1E7A4F7556}") = "NoSharedState", "NoSharedState.csproj", "{95E26D6F-275D-4647-8697-9EC06BBE433E}"
EndProject
Global
	GlobalSection(SolutionConfigurationPlatforms) = preSolution
		Debug|Any CPU = Debug|Any CPU
		Release|Any CPU = Release|Any CPU
	EndGlobalSection
	GlobalSection(ProjectConfigurationPlatforms) = postSolution
		{95E26D6F-275D-4647-8697-9EC06BBE433E}.Debug|Any CPU.ActiveCfg = Debug|Any CPU
		{95E26D6F-275D-4647-8697-9EC06BBE433E}.Debug|Any CPU.Build.0 = Debug|Any CPU
		{95E26D6F-275D-4647-8697-9EC06BBE433E}.Release|Any CPU.ActiveCfg = Release|Any CPU
		{95E26D6F-275D-4647-8697-9EC06BBE433E}.Release|Any CPU.Build.0 = Release|Any CPU
	EndGlobalSection
	GlobalSection(SolutionProperties) = preSolution
		HideSolutionNode = FALSE
	EndGlobalSection
	GlobalSection(ExtensibilityGlobals) = postSolution
		SolutionGuid = {CC36C753-56E1-4CAC-BDFE-52123EE00B16}
	EndGlobalSection
EndGlobal
